
Microsoft Visual Studio Solution File, Format Version 12.00
# Visual Studio Version 17
VisualStudioVersion = 17.9.34723.18
MinimumVisualStudioVersion = 10.0.40219.1
Project("{FAE04EC0-301F-11D3-BF4B-00C04F79EFBC}") = "SalesWebMvc", "SalesWebMvc\SalesWebMvc.csproj", "{F90FAB08-ED8F-4EA5-82E1-03F5EE5E6867}"
EndProject
Global
	GlobalSection(SolutionConfigurationPlatforms) = preSolution
		Debug|Any CPU = Debug|Any CPU
		Release|Any CPU = Release|Any CPU
	EndGlobalSection
	GlobalSection(ProjectConfigurationPlatforms) = postSolution
		{F90FAB08-ED8F-4EA5-82E1-03F5EE5E6867}.Debug|Any CPU.ActiveCfg = Debug|Any CPU
		{F90FAB08-ED8F-4EA5-82E1-03F5EE5E6867}.Debug|Any CPU.Build.0 = Debug|Any CPU
		{F90FAB08-ED8F-4EA5-82E1-03F5EE5E6867}.Release|Any CPU.ActiveCfg = Release|Any CPU
		{F90FAB08-ED8F-4EA5-82E1-03F5EE5E6867}.Release|Any CPU.Build.0 = Release|Any CPU
	EndGlobalSection
	GlobalSection(SolutionProperties) = preSolution
		HideSolutionNode = FALSE
	EndGlobalSection
	GlobalSection(ExtensibilityGlobals) = postSolution
		SolutionGuid = {72CA387A-E4B2-4C32-9F22-AB215AC9C17F}
	EndGlobalSection
EndGlobal
